Microsoft Visual Studio Solution File, Format Version 12.00
# Visual Studio Version 17
VisualStudioVersion = 17.5.2.0
MinimumVisualStudioVersion = 10.0.40219.1
Project("{FAE04EC0-301F-11D3-BF4B-00C04F79EFBC}") = "AkkaAgents", "AkkaAgents\AkkaAgents.csproj", "{B283D197-390B-4626-1E29-11ADC9455188}"
EndProject
Global
	GlobalSection(SolutionConfigurationPlatforms) = preSolution
		Debug|Any CPU = Debug|Any CPU
		Release|Any CPU = Release|Any CPU
	EndGlobalSection
	GlobalSection(ProjectConfigurationPlatforms) = postSolution
		{B283D197-390B-4626-1E29-11ADC9455188}.Debug|Any CPU.ActiveCfg = Debug|Any CPU
		{B283D197-390B-4626-1E29-11ADC9455188}.Debug|Any CPU.Build.0 = Debug|Any CPU
		{B283D197-390B-4626-1E29-11ADC9455188}.Release|Any CPU.ActiveCfg = Release|Any CPU
		{B283D197-390B-4626-1E29-11ADC9455188}.Release|Any CPU.Build.0 = Release|Any CPU
	EndGlobalSection
	GlobalSection(SolutionProperties) = preSolution
		HideSolutionNode = FALSE
	EndGlobalSection
	GlobalSection(ExtensibilityGlobals) = postSolution
		SolutionGuid = {0F082757-36CD-44E7-A900-94BFD2C847E6}
	EndGlobalSection
EndGlobal
